{
  "name": "deep-filter-net-dereverberation",
  "lockfileVersion": 2,
  "requires": true,
  "packages": {
    "": {
      "dependencies": {
        "wavesurfer.js": "^7.8.15"
      }
    },
    "node_modules/wavesurfer.js": {
      "version": "7.8.15",
      "resolved": "https://registry.npmjs.org/wavesurfer.js/-/wavesurfer.js-7.8.15.tgz",
      "integrity": "sha512-fWNnQt5BEGzuoJ7HRxfvpT1rOEI1AmCGPZ/+7QDkDVN/m2vIBeLVQ+5vENRMz1YwvZ/u1No0UV492/o8G++KXQ=="
    }
  },
  "dependencies": {
    "wavesurfer.js": {
      "version": "7.8.15",
      "resolved": "https://registry.npmjs.org/wavesurfer.js/-/wavesurfer.js-7.8.15.tgz",
      "integrity": "sha512-fWNnQt5BEGzuoJ7HRxfvpT1rOEI1AmCGPZ/+7QDkDVN/m2vIBeLVQ+5vENRMz1YwvZ/u1No0UV492/o8G++KXQ=="
    }
  }
}
